// !$*UTF8*$!
{
	archiveVersion = 1;
	classes = {
	};
	objectVersion = 46;
	objects = {

/* Begin PBXBuildFile section */
		6A6BFF081C6108B5008F64F9 /* AppDelegate.swift in Sources */ = {isa = PBXBuildFile; fileRef = 6A6BFF071C6108B5008F64F9 /* AppDelegate.swift */; };
		6A6BFF0D1C6108B5008F64F9 /* Main.storyboard in Resources */ = {isa = PBXBuildFile; fileRef = 6A6BFF0B1C6108B5008F64F9 /* Main.storyboard */; };
		6A6BFF0F1C6108B5008F64F9 /* Assets.xcassets in Resources */ = {isa = PBXBuildFile; fileRef = 6A6BFF0E1C6108B5008F64F9 /* Assets.xcassets */; };
		6A6BFF121C6108B5008F64F9 /* LaunchScreen.storyboard in Resources */ = {isa = PBXBuildFile; fileRef = 6A6BFF101C6108B5008F64F9 /* LaunchScreen.storyboard */; };
		6A6BFF1A1C610A7F008F64F9 /* BNRItemsViewController.swift in Sources */ = {isa = PBXBuildFile; fileRef = 6A6BFF191C610A7F008F64F9 /* BNRItemsViewController.swift */; };
		6A6BFF1C1C610B9B008F64F9 /* BNRItem.swift in Sources */ = {isa = PBXBuildFile; fileRef = 6A6BFF1B1C610B9B008F64F9 /* BNRItem.swift */; };
		6A6BFF1E1C610FDD008F64F9 /* BNRItemStore.swift in Sources */ = {isa = PBXBuildFile; fileRef = 6A6BFF1D1C610FDD008F64F9 /* BNRItemStore.swift */; };
		6A6BFF201C613451008F64F9 /* HeaderView.xib in Resources */ = {isa = PBXBuildFile; fileRef = 6A6BFF1F1C613451008F64F9 /* HeaderView.xib */; };
		6A6BFF231C628460008F64F9 /* BNRDetailViewController.swift in Sources */ = {isa = PBXBuildFile; fileRef = 6A6BFF211C628460008F64F9 /* BNRDetailViewController.swift */; };
		6A6BFF241C628460008F64F9 /* BNRDetailViewController.xib in Resources */ = {isa = PBXBuildFile; fileRef = 6A6BFF221C628460008F64F9 /* BNRDetailViewController.xib */; };
		6A6BFF271C62B591008F64F9 /* BNRItemDateViewController.swift in Sources */ = {isa = PBXBuildFile; fileRef = 6A6BFF251C62B591008F64F9 /* BNRItemDateViewController.swift */; };
		6A6BFF281C62B591008F64F9 /* BNRItemDateViewController.xib in Resources */ = {isa = PBXBuildFile; fileRef = 6A6BFF261C62B591008F64F9 /* BNRItemDateViewController.xib */; };
/* End PBXBuildFile section */

/* Begin PBXFileReference section */
		6A6BFF041C6108B5008F64F9 /* Homepwner.app */ = {isa = PBXFileReference; explicitFileType = wrapper.application; includeInIndex = 0; path = Homepwner.app; sourceTree = BUILT_PRODUCTS_DIR; };
		6A6BFF071C6108B5008F64F9 /* AppDelegate.swift */ = {isa = PBXFileReference; lastKnownFileType = sourcecode.swift; path = AppDelegate.swift; sourceTree = "<group>"; };
		6A6BFF0C1C6108B5008F64F9 /* Base */ = {isa = PBXFileReference; lastKnownFileType = file.storyboard; name = Base; path = Base.lproj/Main.storyboard; sourceTree = "<group>"; };
		6A6BFF0E1C6108B5008F64F9 /* Assets.xcassets */ = {isa = PBXFileReference; lastKnownFileType = folder.assetcatalog; path = Assets.xcassets; sourceTree = "<group>"; };
		6A6BFF111C6108B5008F64F9 /* Base */ = {isa = PBXFileReference; lastKnownFileType = file.storyboard; name = Base; path = Base.lproj/LaunchScreen.storyboard; sourceTree = "<group>"; };
		6A6BFF131C6108B5008F64F9 /* Info.plist */ = {isa = PBXFileReference; lastKnownFileType = text.plist.xml; path = Info.plist; sourceTree = "<group>"; };
		6A6BFF191C610A7F008F64F9 /* BNRItemsViewController.swift */ = {isa = PBXFileReference; fileEncoding = 4; lastKnownFileType = sourcecode.swift; path = BNRItemsViewController.swift; sourceTree = "<group>"; };
		6A6BFF1B1C610B9B008F64F9 /* BNRItem.swift */ = {isa = PBXFileReference; fileEncoding = 4; lastKnownFileType = sourcecode.swift; path = BNRItem.swift; sourceTree = "<group>"; };
		6A6BFF1D1C610FDD008F64F9 /* BNRItemStore.swift */ = {isa = PBXFileReference; fileEncoding = 4; lastKnownFileType = sourcecode.swift; path = BNRItemStore.swift; sourceTree = "<group>"; };
		6A6BFF1F1C613451008F64F9 /* HeaderView.xib */ = {isa = PBXFileReference; fileEncoding = 4; lastKnownFileType = file.xib; path = HeaderView.xib; sourceTree = "<group>"; };
		6A6BFF211C628460008F64F9 /* BNRDetailViewController.swift */ = {isa = PBXFileReference; fileEncoding = 4; lastKnownFileType = sourcecode.swift; path = BNRDetailViewController.swift; sourceTree = "<group>"; };
		6A6BFF221C628460008F64F9 /* BNRDetailViewController.xib */ = {isa = PBXFileReference; fileEncoding = 4; lastKnownFileType = file.xib; path = BNRDetailViewController.xib; sourceTree = "<group>"; };
		6A6BFF251C62B591008F64F9 /* BNRItemDateViewController.swift */ = {isa = PBXFileReference; fileEncoding = 4; lastKnownFileType = sourcecode.swift; path = BNRItemDateViewController.swift; sourceTree = "<group>"; };
		6A6BFF261C62B591008F64F9 /* BNRItemDateViewController.xib */ = {isa = PBXFileReference; fileEncoding = 4; lastKnownFileType = file.xib; path = BNRItemDateViewController.xib; sourceTree = "<group>"; };
/* End PBXFileReference section */

/* Begin PBXFrameworksBuildPhase section */
		6A6BFF011C6108B5008F64F9 /* Frameworks */ = {
			isa = PBXFrameworksBuildPhase;
			buildActionMask = 2147483647;
			files = (
			);
			runOnlyForDeploymentPostprocessing = 0;
		};
/* End PBXFrameworksBuildPhase section */

/* Begin PBXGroup section */
		6A6BFEFB1C6108B5008F64F9 = {
			isa = PBXGroup;
			children = (
				6A6BFF061C6108B5008F64F9 /* Homepwner */,
				6A6BFF051C6108B5008F64F9 /* Products */,
			);
			sourceTree = "<group>";
		};
		6A6BFF051C6108B5008F64F9 /* Products */ = {
			isa = PBXGroup;
			children = (
				6A6BFF041C6108B5008F64F9 /* Homepwner.app */,
			);
			name = Products;
			sourceTree = "<group>";
		};
		6A6BFF061C6108B5008F64F9 /* Homepwner */ = {
			isa = PBXGroup;
			children = (
				6A6BFF071C6108B5008F64F9 /* AppDelegate.swift */,
				6A6BFF1B1C610B9B008F64F9 /* BNRItem.swift */,
				6A6BFF1D1C610FDD008F64F9 /* BNRItemStore.swift */,
				6A6BFF191C610A7F008F64F9 /* BNRItemsViewController.swift */,
				6A6BFF211C628460008F64F9 /* BNRDetailViewController.swift */,
				6A6BFF221C628460008F64F9 /* BNRDetailViewController.xib */,
				6A6BFF251C62B591008F64F9 /* BNRItemDateViewController.swift */,
				6A6BFF261C62B591008F64F9 /* BNRItemDateViewController.xib */,
				6A6BFF101C6108B5008F64F9 /* LaunchScreen.storyboard */,
				6A6BFF1F1C613451008F64F9 /* HeaderView.xib */,
				6A6BFF0B1C6108B5008F64F9 /* Main.storyboard */,
				6A6BFF0E1C6108B5008F64F9 /* Assets.xcassets */,
				6A6BFF131C6108B5008F64F9 /* Info.plist */,
			);
			path = Homepwner;
			sourceTree = "<group>";
		};
/* End PBXGroup section */

/* Begin PBXNativeTarget section */
		6A6BFF031C6108B5008F64F9 /* Homepwner */ = {
			isa = PBXNativeTarget;
			buildConfigurationList = 6A6BFF161C6108B5008F64F9 /* Build configuration list for PBXNativeTarget "Homepwner" */;
			buildPhases = (
				6A6BFF001C6108B5008F64F9 /* Sources */,
				6A6BFF011C6108B5008F64F9 /* Frameworks */,
				6A6BFF021C6108B5008F64F9 /* Resources */,
			);
			buildRules = (
			);
			dependencies = (
			);
			name = Homepwner;
			productName = Homepwner;
			productReference = 6A6BFF041C6108B5008F64F9 /* Homepwner.app */;
			productType = "com.apple.product-type.application";
		};
/* End PBXNativeTarget section */

/* Begin PBXProject section */
		6A6BFEFC1C6108B5008F64F9 /* Project object */ = {
			isa = PBXProject;
			attributes = {
				LastSwiftUpdateCheck = 0720;
				LastUpgradeCheck = 0720;
				ORGANIZATIONNAME = "Donald Steinert";
				TargetAttributes = {
					6A6BFF031C6108B5008F64F9 = {
						CreatedOnToolsVersion = 7.2;
					};
				};
			};
			buildConfigurationList = 6A6BFEFF1C6108B5008F64F9 /* Build configuration list for PBXProject "Homepwner" */;
			compatibilityVersion = "Xcode 3.2";
			developmentRegion = English;
			hasScannedForEncodings = 0;
			knownRegions = (
				en,
				Base,
			);
			mainGroup = 6A6BFEFB1C6108B5008F64F9;
			productRefGroup = 6A6BFF051C6108B5008F64F9 /* Products */;
			projectDirPath = "";
			projectRoot = "";
			targets = (
				6A6BFF031C6108B5008F64F9 /* Homepwner */,
			);
		};
/* End PBXProject section */

/* Begin PBXResourcesBuildPhase section */
		6A6BFF021C6108B5008F64F9 /* Resources */ = {
			isa = PBXResourcesBuildPhase;
			buildActionMask = 2147483647;
			files = (
				6A6BFF281C62B591008F64F9 /* BNRItemDateViewController.xib in Resources */,
				6A6BFF121C6108B5008F64F9 /* LaunchScreen.storyboard in Resources */,
				6A6BFF0F1C6108B5008F64F9 /* Assets.xcassets in Resources */,
				6A6BFF0D1C6108B5008F64F9 /* Main.storyboard in Resources */,
				6A6BFF201C613451008F64F9 /* HeaderView.xib in Resources */,
				6A6BFF241C628460008F64F9 /* BNRDetailViewController.xib in Resources */,
			);
			runOnlyForDeploymentPostprocessing = 0;
		};
/* End PBXResourcesBuildPhase section */

/* Begin PBXSourcesBuildPhase section */
		6A6BFF001C6108B5008F64F9 /* Sources */ = {
			isa = PBXSourcesBuildPhase;
			buildActionMask = 2147483647;
			files = (
				6A6BFF1C1C610B9B008F64F9 /* BNRItem.swift in Sources */,
				6A6BFF231C628460008F64F9 /* BNRDetailViewController.swift in Sources */,
				6A6BFF271C62B591008F64F9 /* BNRItemDateViewController.swift in Sources */,
				6A6BFF081C6108B5008F64F9 /* AppDelegate.swift in Sources */,
				6A6BFF1E1C610FDD008F64F9 /* BNRItemStore.swift in Sources */,
				6A6BFF1A1C610A7F008F64F9 /* BNRItemsViewController.swift in Sources */,
			);
			runOnlyForDeploymentPostprocessing = 0;
		};
/* End PBXSourcesBuildPhase section */

/* Begin PBXVariantGroup section */
		6A6BFF0B1C6108B5008F64F9 /* Main.storyboard */ = {
			isa = PBXVariantGroup;
			children = (
				6A6BFF0C1C6108B5008F64F9 /* Base */,
			);
			name = Main.storyboard;
			sourceTree = "<group>";
		};
		6A6BFF101C6108B5008F64F9 /* LaunchScreen.storyboard */ = {
			isa = PBXVariantGroup;
			children = (
				6A6BFF111C6108B5008F64F9 /* Base */,
			);
			name = LaunchScreen.storyboard;
			sourceTree = "<group>";
		};
/* End PBXVariantGroup section */

/* Begin XCBuildConfiguration section */
		6A6BFF141C6108B5008F64F9 /* Debug */ = {
			isa = XCBuildConfiguration;
			buildSettings = {
				ALWAYS_SEARCH_USER_PATHS = NO;
				CLANG_CXX_LANGUAGE_STANDARD = "gnu++0x";
				CLANG_CXX_LIBRARY = "libc++";
				CLANG_ENABLE_MODULES = YES;
				CLANG_ENABLE_OBJC_ARC = YES;
				CLANG_WARN_BOOL_CONVERSION = YES;
				CLANG_WARN_CONSTANT_CONVERSION = YES;
				CLANG_WARN_DIRECT_OBJC_ISA_USAGE = YES_ERROR;
				CLANG_WARN_EMPTY_BODY = YES;
				CLANG_WARN_ENUM_CONVERSION = YES;
				CLANG_WARN_INT_CONVERSION = YES;
				CLANG_WARN_OBJC_ROOT_CLASS = YES_ERROR;
				CLANG_WARN_UNREACHABLE_CODE = YES;
				CLANG_WARN__DUPLICATE_METHOD_MATCH = YES;
				"CODE_SIGN_IDENTITY[sdk=iphoneos*]" = "iPhone Developer";
				COPY_PHASE_STRIP = NO;
				DEBUG_INFORMATION_FORMAT = dwarf;
				ENABLE_STRICT_OBJC_MSGSEND = YES;
				ENABLE_TESTABILITY = YES;
				GCC_C_LANGUAGE_STANDARD = gnu99;
				GCC_DYNAMIC_NO_PIC = NO;
				GCC_NO_COMMON_BLOCKS = YES;
				GCC_OPTIMIZATION_LEVEL = 0;
				GCC_PREPROCESSOR_DEFINITIONS = (
					"DEBUG=1",
					"$(inherited)",
				);
				GCC_WARN_64_TO_32_BIT_CONVERSION = YES;
				GCC_WARN_ABOUT_RETURN_TYPE = YES_ERROR;
				GCC_WARN_UNDECLARED_SELECTOR = YES;
				GCC_WARN_UNINITIALIZED_AUTOS = YES_AGGRESSIVE;
				GCC_WARN_UNUSED_FUNCTION = YES;
				GCC_WARN_UNUSED_VARIABLE = YES;
				IPHONEOS_DEPLOYMENT_TARGET = 9.2;
				MTL_ENABLE_DEBUG_INFO = YES;
				ONLY_ACTIVE_ARCH = YES;
				SDKROOT = iphoneos;
				SWIFT_OPTIMIZATION_LEVEL = "-Onone";
			};
			name = Debug;
		};
		6A6BFF151C6108B5008F64F9 /* Release */ = {
			isa = XCBuildConfiguration;
			buildSettings = {
				ALWAYS_SEARCH_USER_PATHS = NO;
				CLANG_CXX_LANGUAGE_STANDARD = "gnu++0x";
				CLANG_CXX_LIBRARY = "libc++";
				CLANG_ENABLE_MODULES = YES;
				CLANG_ENABLE_OBJC_ARC = YES;
				CLANG_WARN_BOOL_CONVERSION = YES;
				CLANG_WARN_CONSTANT_CONVERSION = YES;
				CLANG_WARN_DIRECT_OBJC_ISA_USAGE = YES_ERROR;
				CLANG_WARN_EMPTY_BODY = YES;
				CLANG_WARN_ENUM_CONVERSION = YES;
				CLANG_WARN_INT_CONVERSION = YES;
				CLANG_WARN_OBJC_ROOT_CLASS = YES_ERROR;
				CLANG_WARN_UNREACHABLE_CODE = YES;
				CLANG_WARN__DUPLICATE_METHOD_MATCH = YES;
				"CODE_SIGN_IDENTITY[sdk=iphoneos*]" = "iPhone Developer";
				COPY_PHASE_STRIP = NO;
				DEBUG_INFORMATION_FORMAT = "dwarf-with-dsym";
				ENABLE_NS_ASSERTIONS = NO;
				ENABLE_STRICT_OBJC_MSGSEND = YES;
				GCC_C_LANGUAGE_STANDARD = gnu99;
				GCC_NO_COMMON_BLOCKS = YES;
				GCC_WARN_64_TO_32_BIT_CONVERSION = YES;
				GCC_WARN_ABOUT_RETURN_TYPE = YES_ERROR;
				GCC_WARN_UNDECLARED_SELECTOR = YES;
				GCC_WARN_UNINITIALIZED_AUTOS = YES_AGGRESSIVE;
				GCC_WARN_UNUSED_FUNCTION = YES;
				GCC_WARN_UNUSED_VARIABLE = YES;
				IPHONEOS_DEPLOYMENT_TARGET = 9.2;
				MTL_ENABLE_DEBUG_INFO = NO;
				SDKROOT = iphoneos;
				VALIDATE_PRODUCT = YES;
			};
			name = Release;
		};
		6A6BFF171C6108B5008F64F9 /* Debug */ = {
			isa = XCBuildConfiguration;
			buildSettings = {
				ASSETCATALOG_COMPILER_APPICON_NAME = AppIcon;
				INFOPLIST_FILE = Homepwner/Info.plist;
				LD_RUNPATH_SEARCH_PATHS = "$(inherited) @executable_path/Frameworks";
				PRODUCT_BUNDLE_IDENTIFIER = cc.dnld.Homepwner;
				PRODUCT_NAME = "$(TARGET_NAME)";
			};
			name = Debug;
		};
		6A6BFF181C6108B5008F64F9 /* Release */ = {
			isa = XCBuildConfiguration;
			buildSettings = {
				ASSETCATALOG_COMPILER_APPICON_NAME = AppIcon;
				INFOPLIST_FILE = Homepwner/Info.plist;
				LD_RUNPATH_SEARCH_PATHS = "$(inherited) @executable_path/Frameworks";
				PRODUCT_BUNDLE_IDENTIFIER = cc.dnld.Homepwner;
				PRODUCT_NAME = "$(TARGET_NAME)";
			};
			name = Release;
		};
/* End XCBuildConfiguration section */

/* Begin XCConfigurationList section */
		6A6BFEFF1C6108B5008F64F9 /* Build configuration list for PBXProject "Homepwner" */ = {
			isa = XCConfigurationList;
			buildConfigurations = (
				6A6BFF141C6108B5008F64F9 /* Debug */,
				6A6BFF151C6108B5008F64F9 /* Release */,
			);
			defaultConfigurationIsVisible = 0;
			defaultConfigurationName = Release;
		};
		6A6BFF161C6108B5008F64F9 /* Build configuration list for PBXNativeTarget "Homepwner" */ = {
			isa = XCConfigurationList;
			buildConfigurations = (
				6A6BFF171C6108B5008F64F9 /* Debug */,
				6A6BFF181C6108B5008F64F9 /* Release */,
			);
			defaultConfigurationIsVisible = 0;
		};
/* End XCConfigurationList section */
	};
	rootObject = 6A6BFEFC1C6108B5008F64F9 /* Project object */;
}
